// !$*UTF8*$!
{
	archiveVersion = 1;
	classes = {
	};
	objectVersion = 46;
	objects = {

/* Begin PBXBuildFile section */
		EC18B28E1895D6E400617FFF /* train.csv in Resources */ = {isa = PBXBuildFile; fileRef = EC18B28D1895D6E400617FFF /* train.csv */; };
		EC18B2901895EBE700617FFF /* train.csv in CopyFiles */ = {isa = PBXBuildFile; fileRef = EC18B28D1895D6E400617FFF /* train.csv */; };
		EC18B29318A0833500617FFF /* DimensionController.m in Sources */ = {isa = PBXBuildFile; fileRef = EC18B29218A0833500617FFF /* DimensionController.m */; };
		EC29B74C181F3AB3001C9437 /* DrawView.m in Sources */ = {isa = PBXBuildFile; fileRef = EC29B74B181F3AB3001C9437 /* DrawView.m */; };
		EC29B74F181FF79F001C9437 /* Cmath.c in Sources */ = {isa = PBXBuildFile; fileRef = EC29B74E181FF79F001C9437 /* Cmath.c */; };
		EC29B75218205456001C9437 /* UploadPhoto.m in Sources */ = {isa = PBXBuildFile; fileRef = EC29B75118205456001C9437 /* UploadPhoto.m */; };
		EC29B75818207975001C9437 /* Clear.m in Sources */ = {isa = PBXBuildFile; fileRef = EC29B75718207975001C9437 /* Clear.m */; };
		EC2F146C1802321B004B76FF /* Model.m in Sources */ = {isa = PBXBuildFile; fileRef = EC2F146B1802321B004B76FF /* Model.m */; };
		EC2F147218023327004B76FF /* StartController.m in Sources */ = {isa = PBXBuildFile; fileRef = EC2F147118023327004B76FF /* StartController.m */; };
		EC2FBF6218B04A6200C8211C /* ResizePic.m in Sources */ = {isa = PBXBuildFile; fileRef = EC2FBF6118B04A6200C8211C /* ResizePic.m */; };
		EC34DFD418B2F2C900AB13BE /* LaunchNeuralWindowController.m in Sources */ = {isa = PBXBuildFile; fileRef = EC34DFD318B2F2C900AB13BE /* LaunchNeuralWindowController.m */; };
		EC34DFD718B2F4AB00AB13BE /* Neural.xib in Resources */ = {isa = PBXBuildFile; fileRef = EC34DFD618B2F4AB00AB13BE /* Neural.xib */; };
		EC34DFDA18B2F4EB00AB13BE /* NeuralWindowController.m in Sources */ = {isa = PBXBuildFile; fileRef = EC34DFD918B2F4EB00AB13BE /* NeuralWindowController.m */; };
		EC79972C182AE6B1002E96CA /* ErrorTableController.m in Sources */ = {isa = PBXBuildFile; fileRef = EC79972B182AE6B1002E96CA /* ErrorTableController.m */; };
		EC799732182AF7C2002E96CA /* ModeRadioController.m in Sources */ = {isa = PBXBuildFile; fileRef = EC799731182AF7C2002E96CA /* ModeRadioController.m */; };
		EC799735182B1D44002E96CA /* SaveController.m in Sources */ = {isa = PBXBuildFile; fileRef = EC799734182B1D44002E96CA /* SaveController.m */; };
		EC8928A21884CF28005CCBF2 /* leafIcon.icns in Resources */ = {isa = PBXBuildFile; fileRef = EC8928A11884CF28005CCBF2 /* leafIcon.icns */; };
		EC8A5274184E675200AAD11A /* ConfusionView.m in Sources */ = {isa = PBXBuildFile; fileRef = EC8A5273184E675200AAD11A /* ConfusionView.m */; };
		EC8A5277184EB31E00AAD11A /* verticalLabelView.m in Sources */ = {isa = PBXBuildFile; fileRef = EC8A5276184EB31E00AAD11A /* verticalLabelView.m */; };
		EC8A527D18567D2F00AAD11A /* ClusterButtonController.m in Sources */ = {isa = PBXBuildFile; fileRef = EC8A527C18567D2F00AAD11A /* ClusterButtonController.m */; };
		EC8A528318567F7500AAD11A /* ClusterView.m in Sources */ = {isa = PBXBuildFile; fileRef = EC8A528218567F7500AAD11A /* ClusterView.m */; };
		EC8A529918594D9800AAD11A /* BestClassLabelController.m in Sources */ = {isa = PBXBuildFile; fileRef = EC8A529818594D9800AAD11A /* BestClassLabelController.m */; };
		EC9DF5AA18034F2100A2862A /* GLUT.framework in Frameworks */ = {isa = PBXBuildFile; fileRef = EC9DF5A918034F2100A2862A /* GLUT.framework */; };
		EC9DF5AC18034F3600A2862A /* OpenGL.framework in Frameworks */ = {isa = PBXBuildFile; fileRef = EC9DF5AB18034F3600A2862A /* OpenGL.framework */; };
		EC9DF5BF1807332800A2862A /* FitView.m in Sources */ = {isa = PBXBuildFile; fileRef = EC9DF5BE1807332800A2862A /* FitView.m */; };
		EC9DF5C31807375900A2862A /* Polynomials.c in Sources */ = {isa = PBXBuildFile; fileRef = EC9DF5C21807375900A2862A /* Polynomials.c */; };
		ECB60B1618B30AA5000C534B /* NeuralParametersController.m in Sources */ = {isa = PBXBuildFile; fileRef = ECB60B1518B30AA5000C534B /* NeuralParametersController.m */; };
		ECBCFF2818399EF400360791 /* floatfann.c in Sources */ = {isa = PBXBuildFile; fileRef = ECBCFF2118399EF400360791 /* floatfann.c */; };
		ECBCFF341839A07B00360791 /* BuildNetController.m in Sources */ = {isa = PBXBuildFile; fileRef = ECBCFF331839A07B00360791 /* BuildNetController.m */; };
		ECBCFF37183AE89800360791 /* TrainingModelRadioController.m in Sources */ = {isa = PBXBuildFile; fileRef = ECBCFF36183AE89800360791 /* TrainingModelRadioController.m */; };
		ECBCFF3A183C3E7D00360791 /* ValidateWindowController.m in Sources */ = {isa = PBXBuildFile; fileRef = ECBCFF39183C3E7D00360791 /* ValidateWindowController.m */; };
		ECBCFF3D183C401300360791 /* LaunchValidateWindowController.m in Sources */ = {isa = PBXBuildFile; fileRef = ECBCFF3C183C401300360791 /* LaunchValidateWindowController.m */; };
		ECBCFF3F183C424700360791 /* Validate.xib in Resources */ = {isa = PBXBuildFile; fileRef = ECBCFF3E183C424700360791 /* Validate.xib */; };
		ECBCFF42183D033000360791 /* RunValidateController.m in Sources */ = {isa = PBXBuildFile; fileRef = ECBCFF41183D033000360791 /* RunValidateController.m */; };
		ECBCFF45183D07ED00360791 /* ValidateTable.m in Sources */ = {isa = PBXBuildFile; fileRef = ECBCFF44183D07ED00360791 /* ValidateTable.m */; };
		ECBCFF48183D6F9900360791 /* InvariantController.m in Sources */ = {isa = PBXBuildFile; fileRef = ECBCFF47183D6F9900360791 /* InvariantController.m */; };
		ECBCFF4B183EB33400360791 /* GreenLight.m in Sources */ = {isa = PBXBuildFile; fileRef = ECBCFF4A183EB33400360791 /* GreenLight.m */; };
		ECBCFF4D183EB51300360791 /* status-available.tiff in Resources */ = {isa = PBXBuildFile; fileRef = ECBCFF4C183EB51300360791 /* status-available.tiff */; };
		ECBCFF4F183EB6A900360791 /* status-away.tiff in Resources */ = {isa = PBXBuildFile; fileRef = ECBCFF4E183EB6A900360791 /* status-away.tiff */; };
		ECBCFF52183EB73800360791 /* NearestGreenLight.m in Sources */ = {isa = PBXBuildFile; fileRef = ECBCFF51183EB73800360791 /* NearestGreenLight.m */; };
		ECBCFF55183EB75200360791 /* NeuralGreenLight.m in Sources */ = {isa = PBXBuildFile; fileRef = ECBCFF54183EB75200360791 /* NeuralGreenLight.m */; };
		ECBCFF5C183EBE2100360791 /* textured_paper.png in Resources */ = {isa = PBXBuildFile; fileRef = ECBCFF5B183EBE2100360791 /* textured_paper.png */; };
		ECBCFF5E183EBF4500360791 /* neuron.png in Resources */ = {isa = PBXBuildFile; fileRef = ECBCFF5D183EBF4500360791 /* neuron.png */; };
		ECBCFF61183EBF8200360791 /* ModelImageView.m in Sources */ = {isa = PBXBuildFile; fileRef = ECBCFF60183EBF8200360791 /* ModelImageView.m */; };
		ECBCFF66183EF32400360791 /* nearest.png in Resources */ = {isa = PBXBuildFile; fileRef = ECBCFF65183EF32400360791 /* nearest.png */; };
		ECBCFF69183FE00200360791 /* ErrorTable.m in Sources */ = {isa = PBXBuildFile; fileRef = ECBCFF68183FE00200360791 /* ErrorTable.m */; };
		ECBCFF6C184020D700360791 /* NewDatabase.m in Sources */ = {isa = PBXBuildFile; fileRef = ECBCFF6B184020D700360791 /* NewDatabase.m */; };
		ECBCFF6F184020EE00360791 /* NewDatabaseWindowController.m in Sources */ = {isa = PBXBuildFile; fileRef = ECBCFF6E184020EE00360791 /* NewDatabaseWindowController.m */; };
		ECBCFF731840220500360791 /* NewDatabase.xib in Resources */ = {isa = PBXBuildFile; fileRef = ECBCFF721840220500360791 /* NewDatabase.xib */; };
		ECBCFF7B18402CAA00360791 /* NewDatabaseControls.m in Sources */ = {isa = PBXBuildFile; fileRef = ECBCFF7A18402CAA00360791 /* NewDatabaseControls.m */; };
		ECBCFF81184233BB00360791 /* DatabaseLabelController.m in Sources */ = {isa = PBXBuildFile; fileRef = ECBCFF80184233BB00360791 /* DatabaseLabelController.m */; };
		ECF2B42217FCDA4E0059A6FC /* Cocoa.framework in Frameworks */ = {isa = PBXBuildFile; fileRef = ECF2B42117FCDA4E0059A6FC /* Cocoa.framework */; };
		ECF2B42C17FCDA4E0059A6FC /* InfoPlist.strings in Resources */ = {isa = PBXBuildFile; fileRef = ECF2B42A17FCDA4E0059A6FC /* InfoPlist.strings */; };
		ECF2B42E17FCDA4E0059A6FC /* main.m in Sources */ = {isa = PBXBuildFile; fileRef = ECF2B42D17FCDA4E0059A6FC /* main.m */; };
		ECF2B43217FCDA4E0059A6FC /* Credits.rtf in Resources */ = {isa = PBXBuildFile; fileRef = ECF2B43017FCDA4E0059A6FC /* Credits.rtf */; };
		ECF2B43517FCDA4E0059A6FC /* AppDelegate.m in Sources */ = {isa = PBXBuildFile; fileRef = ECF2B43417FCDA4E0059A6FC /* AppDelegate.m */; };
		ECF2B43817FCDA4E0059A6FC /* MainMenu.xib in Resources */ = {isa = PBXBuildFile; fileRef = ECF2B43617FCDA4E0059A6FC /* MainMenu.xib */; };
		ECF2B43A17FCDA4E0059A6FC /* Images.xcassets in Resources */ = {isa = PBXBuildFile; fileRef = ECF2B43917FCDA4E0059A6FC /* Images.xcassets */; };
		ECF2B44117FCDA4E0059A6FC /* XCTest.framework in Frameworks */ = {isa = PBXBuildFile; fileRef = ECF2B44017FCDA4E0059A6FC /* XCTest.framework */; };
		ECF2B44217FCDA4E0059A6FC /* Cocoa.framework in Frameworks */ = {isa = PBXBuildFile; fileRef = ECF2B42117FCDA4E0059A6FC /* Cocoa.framework */; };
		ECF2B44A17FCDA4E0059A6FC /* InfoPlist.strings in Resources */ = {isa = PBXBuildFile; fileRef = ECF2B44817FCDA4E0059A6FC /* InfoPlist.strings */; };
		ECF2B44C17FCDA4E0059A6FC /* ClassifierTests.m in Sources */ = {isa = PBXBuildFile; fileRef = ECF2B44B17FCDA4E0059A6FC /* ClassifierTests.m */; };
		ECF2B45717FCE0660059A6FC /* MainView.m in Sources */ = {isa = PBXBuildFile; fileRef = ECF2B45617FCE0660059A6FC /* MainView.m */; };
/* End PBXBuildFile section */

/* Begin PBXContainerItemProxy section */
		ECF2B44317FCDA4E0059A6FC /* PBXContainerItemProxy */ = {
			isa = PBXContainerItemProxy;
			containerPortal = ECF2B41617FCDA4E0059A6FC /* Project object */;
			proxyType = 1;
			remoteGlobalIDString = ECF2B41D17FCDA4E0059A6FC;
			remoteInfo = Classifier;
		};
/* End PBXContainerItemProxy section */

/* Begin PBXCopyFilesBuildPhase section */
		EC18B28F1895EBDB00617FFF /* CopyFiles */ = {
			isa = PBXCopyFilesBuildPhase;
			buildActionMask = 2147483647;
			dstPath = "";
			dstSubfolderSpec = 16;
			files = (
				EC18B2901895EBE700617FFF /* train.csv in CopyFiles */,
			);
			runOnlyForDeploymentPostprocessing = 0;
		};
/* End PBXCopyFilesBuildPhase section */

/* Begin PBXFileReference section */
		EC18B28D1895D6E400617FFF /* train.csv */ = {isa = PBXFileReference; fileEncoding = 4; lastKnownFileType = text; path = train.csv; sourceTree = "<group>"; };
		EC18B29118A0833500617FFF /* DimensionController.h */ = {isa = PBXFileReference; fileEncoding = 4; lastKnownFileType = sourcecode.c.h; path = DimensionController.h; sourceTree = "<group>"; };
		EC18B29218A0833500617FFF /* DimensionController.m */ = {isa = PBXFileReference; fileEncoding = 4; lastKnownFileType = sourcecode.c.objc; path = DimensionController.m; sourceTree = "<group>"; };
		EC29B74A181F3AB3001C9437 /* DrawView.h */ = {isa = PBXFileReference; fileEncoding = 4; lastKnownFileType = sourcecode.c.h; path = DrawView.h; sourceTree = "<group>"; };
		EC29B74B181F3AB3001C9437 /* DrawView.m */ = {isa = PBXFileReference; fileEncoding = 4; lastKnownFileType = sourcecode.c.objc; path = DrawView.m; sourceTree = "<group>"; };
		EC29B74D181FF78C001C9437 /* Cmath.h */ = {isa = PBXFileReference; fileEncoding = 4; lastKnownFileType = sourcecode.c.h; path = Cmath.h; sourceTree = "<group>"; };
		EC29B74E181FF79F001C9437 /* Cmath.c */ = {isa = PBXFileReference; fileEncoding = 4; lastKnownFileType = sourcecode.c.c; path = Cmath.c; sourceTree = "<group>"; };
		EC29B75018205456001C9437 /* UploadPhoto.h */ = {isa = PBXFileReference; fileEncoding = 4; lastKnownFileType = sourcecode.c.h; path = UploadPhoto.h; sourceTree = "<group>"; };
		EC29B75118205456001C9437 /* UploadPhoto.m */ = {isa = PBXFileReference; fileEncoding = 4; lastKnownFileType = sourcecode.c.objc; path = UploadPhoto.m; sourceTree = "<group>"; };
		EC29B75618207975001C9437 /* Clear.h */ = {isa = PBXFileReference; fileEncoding = 4; lastKnownFileType = sourcecode.c.h; path = Clear.h; sourceTree = "<group>"; };
		EC29B75718207975001C9437 /* Clear.m */ = {isa = PBXFileReference; fileEncoding = 4; lastKnownFileType = sourcecode.c.objc; path = Clear.m; sourceTree = "<group>"; };
		EC2F146A1802321B004B76FF /* Model.h */ = {isa = PBXFileReference; fileEncoding = 4; lastKnownFileType = sourcecode.c.h; path = Model.h; sourceTree = "<group>"; };
		EC2F146B1802321B004B76FF /* Model.m */ = {isa = PBXFileReference; fileEncoding = 4; lastKnownFileType = sourcecode.c.objc; path = Model.m; sourceTree = "<group>"; };
		EC2F147018023327004B76FF /* StartController.h */ = {isa = PBXFileReference; fileEncoding = 4; lastKnownFileType = sourcecode.c.h; path = StartController.h; sourceTree = "<group>"; };
		EC2F147118023327004B76FF /* StartController.m */ = {isa = PBXFileReference; fileEncoding = 4; lastKnownFileType = sourcecode.c.objc; path = StartController.m; sourceTree = "<group>"; };
		EC2FBF6018B04A6200C8211C /* ResizePic.h */ = {isa = PBXFileReference; fileEncoding = 4; lastKnownFileType = sourcecode.c.h; path = ResizePic.h; sourceTree = "<group>"; };
		EC2FBF6118B04A6200C8211C /* ResizePic.m */ = {isa = PBXFileReference; fileEncoding = 4; lastKnownFileType = sourcecode.c.objc; path = ResizePic.m; sourceTree = "<group>"; };
		EC34DFD218B2F2C900AB13BE /* LaunchNeuralWindowController.h */ = {isa = PBXFileReference; fileEncoding = 4; lastKnownFileType = sourcecode.c.h; path = LaunchNeuralWindowController.h; sourceTree = "<group>"; };
		EC34DFD318B2F2C900AB13BE /* LaunchNeuralWindowController.m */ = {isa = PBXFileReference; fileEncoding = 4; lastKnownFileType = sourcecode.c.objc; path = LaunchNeuralWindowController.m; sourceTree = "<group>"; };
		EC34DFD618B2F4AB00AB13BE /* Neural.xib */ = {isa = PBXFileReference; fileEncoding = 4; lastKnownFileType = file.xib; path = Neural.xib; sourceTree = "<group>"; };
		EC34DFD818B2F4EB00AB13BE /* NeuralWindowController.h */ = {isa = PBXFileReference; fileEncoding = 4; lastKnownFileType = sourcecode.c.h; path = NeuralWindowController.h; sourceTree = "<group>"; };
		EC34DFD918B2F4EB00AB13BE /* NeuralWindowController.m */ = {isa = PBXFileReference; fileEncoding = 4; lastKnownFileType = sourcecode.c.objc; path = NeuralWindowController.m; sourceTree = "<group>"; };
		EC79972A182AE6B1002E96CA /* ErrorTableController.h */ = {isa = PBXFileReference; fileEncoding = 4; lastKnownFileType = sourcecode.c.h; path = ErrorTableController.h; sourceTree = "<group>"; };
		EC79972B182AE6B1002E96CA /* ErrorTableController.m */ = {isa = PBXFileReference; fileEncoding = 4; lastKnownFileType = sourcecode.c.objc; path = ErrorTableController.m; sourceTree = "<group>"; };
		EC799730182AF7C2002E96CA /* ModeRadioController.h */ = {isa = PBXFileReference; fileEncoding = 4; lastKnownFileType = sourcecode.c.h; path = ModeRadioController.h; sourceTree = "<group>"; };
		EC799731182AF7C2002E96CA /* ModeRadioController.m */ = {isa = PBXFileReference; fileEncoding = 4; lastKnownFileType = sourcecode.c.objc; path = ModeRadioController.m; sourceTree = "<group>"; };
		EC799733182B1D44002E96CA /* SaveController.h */ = {isa = PBXFileReference; fileEncoding = 4; lastKnownFileType = sourcecode.c.h; name = SaveController.h; path = ../SaveController.h; sourceTree = "<group>"; };
		EC799734182B1D44002E96CA /* SaveController.m */ = {isa = PBXFileReference; fileEncoding = 4; lastKnownFileType = sourcecode.c.objc; name = SaveController.m; path = ../SaveController.m; sourceTree = "<group>"; };
		EC8928A11884CF28005CCBF2 /* leafIcon.icns */ = {isa = PBXFileReference; lastKnownFileType = image.icns; path = leafIcon.icns; sourceTree = "<group>"; };
		EC8A5272184E675200AAD11A /* ConfusionView.h */ = {isa = PBXFileReference; fileEncoding = 4; lastKnownFileType = sourcecode.c.h; path = ConfusionView.h; sourceTree = "<group>"; };
		EC8A5273184E675200AAD11A /* ConfusionView.m */ = {isa = PBXFileReference; fileEncoding = 4; lastKnownFileType = sourcecode.c.objc; path = ConfusionView.m; sourceTree = "<group>"; };
		EC8A5275184EB31E00AAD11A /* verticalLabelView.h */ = {isa = PBXFileReference; fileEncoding = 4; lastKnownFileType = sourcecode.c.h; path = verticalLabelView.h; sourceTree = "<group>"; };
		EC8A5276184EB31E00AAD11A /* verticalLabelView.m */ = {isa = PBXFileReference; fileEncoding = 4; lastKnownFileType = sourcecode.c.objc; path = verticalLabelView.m; sourceTree = "<group>"; };
		EC8A527B18567D2F00AAD11A /* ClusterButtonController.h */ = {isa = PBXFileReference; fileEncoding = 4; lastKnownFileType = sourcecode.c.h; path = ClusterButtonController.h; sourceTree = "<group>"; };
		EC8A527C18567D2F00AAD11A /* ClusterButtonController.m */ = {isa = PBXFileReference; fileEncoding = 4; lastKnownFileType = sourcecode.c.objc; path = ClusterButtonController.m; sourceTree = "<group>"; };
		EC8A528118567F7500AAD11A /* ClusterView.h */ = {isa = PBXFileReference; fileEncoding = 4; lastKnownFileType = sourcecode.c.h; path = ClusterView.h; sourceTree = "<group>"; };
		EC8A528218567F7500AAD11A /* ClusterView.m */ = {isa = PBXFileReference; fileEncoding = 4; lastKnownFileType = sourcecode.c.objc; path = ClusterView.m; sourceTree = "<group>"; };
		EC8A529718594D9800AAD11A /* BestClassLabelController.h */ = {isa = PBXFileReference; fileEncoding = 4; lastKnownFileType = sourcecode.c.h; path = BestClassLabelController.h; sourceTree = "<group>"; };
		EC8A529818594D9800AAD11A /* BestClassLabelController.m */ = {isa = PBXFileReference; fileEncoding = 4; lastKnownFileType = sourcecode.c.objc; path = BestClassLabelController.m; sourceTree = "<group>"; };
		EC9DF5A918034F2100A2862A /* GLUT.framework */ = {isa = PBXFileReference; lastKnownFileType = wrapper.framework; name = GLUT.framework; path = System/Library/Frameworks/GLUT.framework; sourceTree = SDKROOT; };
		EC9DF5AB18034F3600A2862A /* OpenGL.framework */ = {isa = PBXFileReference; lastKnownFileType = wrapper.framework; name = OpenGL.framework; path = System/Library/Frameworks/OpenGL.framework; sourceTree = SDKROOT; };
		EC9DF5BD1807332800A2862A /* FitView.h */ = {isa = PBXFileReference; fileEncoding = 4; lastKnownFileType = sourcecode.c.h; path = FitView.h; sourceTree = "<group>"; };
		EC9DF5BE1807332800A2862A /* FitView.m */ = {isa = PBXFileReference; fileEncoding = 4; lastKnownFileType = sourcecode.c.objc; path = FitView.m; sourceTree = "<group>"; };
		EC9DF5C21807375900A2862A /* Polynomials.c */ = {isa = PBXFileReference; fileEncoding = 4; lastKnownFileType = sourcecode.c.c; path = Polynomials.c; sourceTree = "<group>"; };
		EC9DF5C41807376C00A2862A /* Polynomials.h */ = {isa = PBXFileReference; fileEncoding = 4; lastKnownFileType = sourcecode.c.h; path = Polynomials.h; sourceTree = "<group>"; };
		ECB60B1418B30AA5000C534B /* NeuralParametersController.h */ = {isa = PBXFileReference; fileEncoding = 4; lastKnownFileType = sourcecode.c.h; path = NeuralParametersController.h; sourceTree = "<group>"; };
		ECB60B1518B30AA5000C534B /* NeuralParametersController.m */ = {isa = PBXFileReference; fileEncoding = 4; lastKnownFileType = sourcecode.c.objc; path = NeuralParametersController.m; sourceTree = "<group>"; };
		ECBCFF1A18399EF400360791 /* fann_cascade.c */ = {isa = PBXFileReference; fileEncoding = 4; lastKnownFileType = sourcecode.c.c; path = fann_cascade.c; sourceTree = "<group>"; };
		ECBCFF1B18399EF400360791 /* fann_error.c */ = {isa = PBXFileReference; fileEncoding = 4; lastKnownFileType = sourcecode.c.c; path = fann_error.c; sourceTree = "<group>"; };
		ECBCFF1C18399EF400360791 /* fann_train_data.c */ = {isa = PBXFileReference; fileEncoding = 4; lastKnownFileType = sourcecode.c.c; path = fann_train_data.c; sourceTree = "<group>"; };
		ECBCFF1D18399EF400360791 /* fann_train.c */ = {isa = PBXFileReference; fileEncoding = 4; lastKnownFileType = sourcecode.c.c; path = fann_train.c; sourceTree = "<group>"; };
		ECBCFF1E18399EF400360791 /* fann_io.c */ = {isa = PBXFileReference; fileEncoding = 4; lastKnownFileType = sourcecode.c.c; path = fann_io.c; sourceTree = "<group>"; };
		ECBCFF1F18399EF400360791 /* fann.c */ = {isa = PBXFileReference; fileEncoding = 4; lastKnownFileType = sourcecode.c.c; path = fann.c; sourceTree = "<group>"; };
		ECBCFF2018399EF400360791 /* config.h */ = {isa = PBXFileReference; fileEncoding = 4; lastKnownFileType = sourcecode.c.h; path = config.h; sourceTree = "<group>"; };
		ECBCFF2118399EF400360791 /* floatfann.c */ = {isa = PBXFileReference; fileEncoding = 4; lastKnownFileType = sourcecode.c.c; path = floatfann.c; sourceTree = "<group>"; };
		ECBCFF2918399F0C00360791 /* fann_io.h */ = {isa = PBXFileReference; lastKnownFileType = sourcecode.c.h; path = fann_io.h; sourceTree = "<group>"; };
		ECBCFF2A18399F0C00360791 /* fann_cascade.h */ = {isa = PBXFileReference; lastKnownFileType = sourcecode.c.h; path = fann_cascade.h; sourceTree = "<group>"; };
		ECBCFF2B18399F0C00360791 /* fann_train.h */ = {isa = PBXFileReference; lastKnownFileType = sourcecode.c.h; path = fann_train.h; sourceTree = "<group>"; };
		ECBCFF2C18399F0C00360791 /* fann_internal.h */ = {isa = PBXFileReference; lastKnownFileType = sourcecode.c.h; path = fann_internal.h; sourceTree = "<group>"; };
		ECBCFF2D18399F0C00360791 /* fann_data.h */ = {isa = PBXFileReference; lastKnownFileType = sourcecode.c.h; path = fann_data.h; sourceTree = "<group>"; };
		ECBCFF2E18399F0C00360791 /* fann_activation.h */ = {isa = PBXFileReference; lastKnownFileType = sourcecode.c.h; path = fann_activation.h; sourceTree = "<group>"; };
		ECBCFF2F18399F0C00360791 /* fann_error.h */ = {isa = PBXFileReference; lastKnownFileType = sourcecode.c.h; path = fann_error.h; sourceTree = "<group>"; };
		ECBCFF3018399F0C00360791 /* floatfann.h */ = {isa = PBXFileReference; lastKnownFileType = sourcecode.c.h; path = floatfann.h; sourceTree = "<group>"; };
		ECBCFF3118399F0C00360791 /* fann.h */ = {isa = PBXFileReference; lastKnownFileType = sourcecode.c.h; path = fann.h; sourceTree = "<group>"; };
		ECBCFF321839A07B00360791 /* BuildNetController.h */ = {isa = PBXFileReference; fileEncoding = 4; lastKnownFileType = sourcecode.c.h; path = BuildNetController.h; sourceTree = "<group>"; };
		ECBCFF331839A07B00360791 /* BuildNetController.m */ = {isa = PBXFileReference; fileEncoding = 4; lastKnownFileType = sourcecode.c.objc; path = BuildNetController.m; sourceTree = "<group>"; };
		ECBCFF35183AE89800360791 /* TrainingModelRadioController.h */ = {isa = PBXFileReference; fileEncoding = 4; lastKnownFileType = sourcecode.c.h; path = TrainingModelRadioController.h; sourceTree = "<group>"; };
		ECBCFF36183AE89800360791 /* TrainingModelRadioController.m */ = {isa = PBXFileReference; fileEncoding = 4; lastKnownFileType = sourcecode.c.objc; path = TrainingModelRadioController.m; sourceTree = "<group>"; };
		ECBCFF38183C3E7D00360791 /* ValidateWindowController.h */ = {isa = PBXFileReference; fileEncoding = 4; lastKnownFileType = sourcecode.c.h; path = ValidateWindowController.h; sourceTree = "<group>"; };
		ECBCFF39183C3E7D00360791 /* ValidateWindowController.m */ = {isa = PBXFileReference; fileEncoding = 4; lastKnownFileType = sourcecode.c.objc; path = ValidateWindowController.m; sourceTree = "<group>"; };
		ECBCFF3B183C401300360791 /* LaunchValidateWindowController.h */ = {isa = PBXFileReference; fileEncoding = 4; lastKnownFileType = sourcecode.c.h; path = LaunchValidateWindowController.h; sourceTree = "<group>"; };
		ECBCFF3C183C401300360791 /* LaunchValidateWindowController.m */ = {isa = PBXFileReference; fileEncoding = 4; lastKnownFileType = sourcecode.c.objc; path = LaunchValidateWindowController.m; sourceTree = "<group>"; };
		ECBCFF3E183C424700360791 /* Validate.xib */ = {isa = PBXFileReference; fileEncoding = 4; lastKnownFileType = file.xib; path = Validate.xib; sourceTree = "<group>"; };
		ECBCFF40183D033000360791 /* RunValidateController.h */ = {isa = PBXFileReference; fileEncoding = 4; lastKnownFileType = sourcecode.c.h; path = RunValidateController.h; sourceTree = "<group>"; };
		ECBCFF41183D033000360791 /* RunValidateController.m */ = {isa = PBXFileReference; fileEncoding = 4; lastKnownFileType = sourcecode.c.objc; path = RunValidateController.m; sourceTree = "<group>"; };
		ECBCFF43183D07ED00360791 /* ValidateTable.h */ = {isa = PBXFileReference; fileEncoding = 4; lastKnownFileType = sourcecode.c.h; path = ValidateTable.h; sourceTree = "<group>"; };
		ECBCFF44183D07ED00360791 /* ValidateTable.m */ = {isa = PBXFileReference; fileEncoding = 4; lastKnownFileType = sourcecode.c.objc; path = ValidateTable.m; sourceTree = "<group>"; };
		ECBCFF46183D6F9900360791 /* InvariantController.h */ = {isa = PBXFileReference; fileEncoding = 4; lastKnownFileType = sourcecode.c.h; path = InvariantController.h; sourceTree = "<group>"; };
		ECBCFF47183D6F9900360791 /* InvariantController.m */ = {isa = PBXFileReference; fileEncoding = 4; lastKnownFileType = sourcecode.c.objc; path = InvariantController.m; sourceTree = "<group>"; };
		ECBCFF49183EB33400360791 /* GreenLight.h */ = {isa = PBXFileReference; fileEncoding = 4; lastKnownFileType = sourcecode.c.h; path = GreenLight.h; sourceTree = "<group>"; };
		ECBCFF4A183EB33400360791 /* GreenLight.m */ = {isa = PBXFileReference; fileEncoding = 4; lastKnownFileType = sourcecode.c.objc; path = GreenLight.m; sourceTree = "<group>"; };
		ECBCFF4C183EB51300360791 /* status-available.tiff */ = {isa = PBXFileReference; lastKnownFileType = image.tiff; path = "status-available.tiff"; sourceTree = "<group>"; };
		ECBCFF4E183EB6A900360791 /* status-away.tiff */ = {isa = PBXFileReference; lastKnownFileType = image.tiff; path = "status-away.tiff"; sourceTree = "<group>"; };
		ECBCFF50183EB73800360791 /* NearestGreenLight.h */ = {isa = PBXFileReference; fileEncoding = 4; lastKnownFileType = sourcecode.c.h; path = NearestGreenLight.h; sourceTree = "<group>"; };
		ECBCFF51183EB73800360791 /* NearestGreenLight.m */ = {isa = PBXFileReference; fileEncoding = 4; lastKnownFileType = sourcecode.c.objc; path = NearestGreenLight.m; sourceTree = "<group>"; };
		ECBCFF53183EB75200360791 /* NeuralGreenLight.h */ = {isa = PBXFileReference; fileEncoding = 4; lastKnownFileType = sourcecode.c.h; path = NeuralGreenLight.h; sourceTree = "<group>"; };
		ECBCFF54183EB75200360791 /* NeuralGreenLight.m */ = {isa = PBXFileReference; fileEncoding = 4; lastKnownFileType = sourcecode.c.objc; path = NeuralGreenLight.m; sourceTree = "<group>"; };
		ECBCFF5B183EBE2100360791 /* textured_paper.png */ = {isa = PBXFileReference; lastKnownFileType = image.png; path = textured_paper.png; sourceTree = "<group>"; };
		ECBCFF5D183EBF4500360791 /* neuron.png */ = {isa = PBXFileReference; lastKnownFileType = image.png; path = neuron.png; sourceTree = "<group>"; };
		ECBCFF5F183EBF8200360791 /* ModelImageView.h */ = {isa = PBXFileReference; fileEncoding = 4; lastKnownFileType = sourcecode.c.h; path = ModelImageView.h; sourceTree = "<group>"; };
		ECBCFF60183EBF8200360791 /* ModelImageView.m */ = {isa = PBXFileReference; fileEncoding = 4; lastKnownFileType = sourcecode.c.objc; path = ModelImageView.m; sourceTree = "<group>"; };
		ECBCFF65183EF32400360791 /* nearest.png */ = {isa = PBXFileReference; lastKnownFileType = image.png; path = nearest.png; sourceTree = "<group>"; };
		ECBCFF67183FE00200360791 /* ErrorTable.h */ = {isa = PBXFileReference; fileEncoding = 4; lastKnownFileType = sourcecode.c.h; path = ErrorTable.h; sourceTree = "<group>"; };
		ECBCFF68183FE00200360791 /* ErrorTable.m */ = {isa = PBXFileReference; fileEncoding = 4; lastKnownFileType = sourcecode.c.objc; path = ErrorTable.m; sourceTree = "<group>"; };
		ECBCFF6A184020D700360791 /* NewDatabase.h */ = {isa = PBXFileReference; fileEncoding = 4; lastKnownFileType = sourcecode.c.h; path = NewDatabase.h; sourceTree = "<group>"; };
		ECBCFF6B184020D700360791 /* NewDatabase.m */ = {isa = PBXFileReference; fileEncoding = 4; lastKnownFileType = sourcecode.c.objc; path = NewDatabase.m; sourceTree = "<group>"; };
		ECBCFF6D184020ED00360791 /* NewDatabaseWindowController.h */ = {isa = PBXFileReference; fileEncoding = 4; lastKnownFileType = sourcecode.c.h; path = NewDatabaseWindowController.h; sourceTree = "<group>"; };
		ECBCFF6E184020EE00360791 /* NewDatabaseWindowController.m */ = {isa = PBXFileReference; fileEncoding = 4; lastKnownFileType = sourcecode.c.objc; path = NewDatabaseWindowController.m; sourceTree = "<group>"; };
		ECBCFF721840220500360791 /* NewDatabase.xib */ = {isa = PBXFileReference; fileEncoding = 4; lastKnownFileType = file.xib; path = NewDatabase.xib; sourceTree = "<group>"; };
		ECBCFF7918402CAA00360791 /* NewDatabaseControls.h */ = {isa = PBXFileReference; fileEncoding = 4; lastKnownFileType = sourcecode.c.h; path = NewDatabaseControls.h; sourceTree = "<group>"; };
		ECBCFF7A18402CAA00360791 /* NewDatabaseControls.m */ = {isa = PBXFileReference; fileEncoding = 4; lastKnownFileType = sourcecode.c.objc; path = NewDatabaseControls.m; sourceTree = "<group>"; };
		ECBCFF7F184233BB00360791 /* DatabaseLabelController.h */ = {isa = PBXFileReference; fileEncoding = 4; lastKnownFileType = sourcecode.c.h; path = DatabaseLabelController.h; sourceTree = "<group>"; };
		ECBCFF80184233BB00360791 /* DatabaseLabelController.m */ = {isa = PBXFileReference; fileEncoding = 4; lastKnownFileType = sourcecode.c.objc; path = DatabaseLabelController.m; sourceTree = "<group>"; };
		ECF2B41E17FCDA4E0059A6FC /* Classifier.app */ = {isa = PBXFileReference; explicitFileType = wrapper.application; includeInIndex = 0; path = Classifier.app; sourceTree = BUILT_PRODUCTS_DIR; };
		ECF2B42117FCDA4E0059A6FC /* Cocoa.framework */ = {isa = PBXFileReference; lastKnownFileType = wrapper.framework; name = Cocoa.framework; path = System/Library/Frameworks/Cocoa.framework; sourceTree = SDKROOT; };
		ECF2B42417FCDA4E0059A6FC /* AppKit.framework */ = {isa = PBXFileReference; lastKnownFileType = wrapper.framework; name = AppKit.framework; path = System/Library/Frameworks/AppKit.framework; sourceTree = SDKROOT; };
		ECF2B42517FCDA4E0059A6FC /* CoreData.framework */ = {isa = PBXFileReference; lastKnownFileType = wrapper.framework; name = CoreData.framework; path = System/Library/Frameworks/CoreData.framework; sourceTree = SDKROOT; };
		ECF2B42617FCDA4E0059A6FC /* Foundation.framework */ = {isa = PBXFileReference; lastKnownFileType = wrapper.framework; name = Foundation.framework; path = System/Library/Frameworks/Foundation.framework; sourceTree = SDKROOT; };
		ECF2B42917FCDA4E0059A6FC /* Classifier-Info.plist */ = {isa = PBXFileReference; lastKnownFileType = text.plist.xml; path = "Classifier-Info.plist"; sourceTree = "<group>"; };
		ECF2B42B17FCDA4E0059A6FC /* en */ = {isa = PBXFileReference; lastKnownFileType = text.plist.strings; name = en; path = en.lproj/InfoPlist.strings; sourceTree = "<group>"; };
		ECF2B42D17FCDA4E0059A6FC /* main.m */ = {isa = PBXFileReference; lastKnownFileType = sourcecode.c.objc; path = main.m; sourceTree = "<group>"; };
		ECF2B42F17FCDA4E0059A6FC /* Classifier-Prefix.pch */ = {isa = PBXFileReference; lastKnownFileType = sourcecode.c.h; path = "Classifier-Prefix.pch"; sourceTree = "<group>"; };
		ECF2B43117FCDA4E0059A6FC /* en */ = {isa = PBXFileReference; lastKnownFileType = text.rtf; name = en; path = en.lproj/Credits.rtf; sourceTree = "<group>"; };
		ECF2B43317FCDA4E0059A6FC /* AppDelegate.h */ = {isa = PBXFileReference; lastKnownFileType = sourcecode.c.h; path = AppDelegate.h; sourceTree = "<group>"; };
		ECF2B43417FCDA4E0059A6FC /* AppDelegate.m */ = {isa = PBXFileReference; lastKnownFileType = sourcecode.c.objc; path = AppDelegate.m; sourceTree = "<group>"; };
		ECF2B43717FCDA4E0059A6FC /* Base */ = {isa = PBXFileReference; lastKnownFileType = file.xib; name = Base; path = Base.lproj/MainMenu.xib; sourceTree = "<group>"; };
		ECF2B43917FCDA4E0059A6FC /* Images.xcassets */ = {isa = PBXFileReference; lastKnownFileType = folder.assetcatalog; path = Images.xcassets; sourceTree = "<group>"; };
		ECF2B43F17FCDA4E0059A6FC /* ClassifierTests.xctest */ = {isa = PBXFileReference; explicitFileType = wrapper.cfbundle; includeInIndex = 0; path = ClassifierTests.xctest; sourceTree = BUILT_PRODUCTS_DIR; };
		ECF2B44017FCDA4E0059A6FC /* XCTest.framework */ = {isa = PBXFileReference; lastKnownFileType = wrapper.framework; name = XCTest.framework; path = Library/Frameworks/XCTest.framework; sourceTree = DEVELOPER_DIR; };
		ECF2B44717FCDA4E0059A6FC /* ClassifierTests-Info.plist */ = {isa = PBXFileReference; lastKnownFileType = text.plist.xml; path = "ClassifierTests-Info.plist"; sourceTree = "<group>"; };
		ECF2B44917FCDA4E0059A6FC /* en */ = {isa = PBXFileReference; lastKnownFileType = text.plist.strings; name = en; path = en.lproj/InfoPlist.strings; sourceTree = "<group>"; };
		ECF2B44B17FCDA4E0059A6FC /* ClassifierTests.m */ = {isa = PBXFileReference; lastKnownFileType = sourcecode.c.objc; path = ClassifierTests.m; sourceTree = "<group>"; };
		ECF2B45517FCE0660059A6FC /* MainView.h */ = {isa = PBXFileReference; fileEncoding = 4; lastKnownFileType = sourcecode.c.h; path = MainView.h; sourceTree = "<group>"; };
		ECF2B45617FCE0660059A6FC /* MainView.m */ = {isa = PBXFileReference; fileEncoding = 4; lastKnownFileType = sourcecode.c.objc; path = MainView.m; sourceTree = "<group>"; };
/* End PBXFileReference section */

/* Begin PBXFrameworksBuildPhase section */
		ECF2B41B17FCDA4E0059A6FC /* Frameworks */ = {
			isa = PBXFrameworksBuildPhase;
			buildActionMask = 2147483647;
			files = (
				EC9DF5AC18034F3600A2862A /* OpenGL.framework in Frameworks */,
				EC9DF5AA18034F2100A2862A /* GLUT.framework in Frameworks */,
				ECF2B42217FCDA4E0059A6FC /* Cocoa.framework in Frameworks */,
			);
			runOnlyForDeploymentPostprocessing = 0;
		};
		ECF2B43C17FCDA4E0059A6FC /* Frameworks */ = {
			isa = PBXFrameworksBuildPhase;
			buildActionMask = 2147483647;
			files = (
				ECF2B44217FCDA4E0059A6FC /* Cocoa.framework in Frameworks */,
				ECF2B44117FCDA4E0059A6FC /* XCTest.framework in Frameworks */,
			);
			runOnlyForDeploymentPostprocessing = 0;
		};
/* End PBXFrameworksBuildPhase section */

/* Begin PBXGroup section */
		EC29B749181F39D9001C9437 /* pics */ = {
			isa = PBXGroup;
			children = (
				ECBCFF4C183EB51300360791 /* status-available.tiff */,
				ECBCFF4E183EB6A900360791 /* status-away.tiff */,
				ECBCFF5B183EBE2100360791 /* textured_paper.png */,
				ECBCFF65183EF32400360791 /* nearest.png */,
				ECBCFF5D183EBF4500360791 /* neuron.png */,
			);
			name = pics;
			sourceTree = "<group>";
		};
		EC34DFD518B2F32700AB13BE /* Neural */ = {
			isa = PBXGroup;
			children = (
				EC34DFD618B2F4AB00AB13BE /* Neural.xib */,
				EC34DFD818B2F4EB00AB13BE /* NeuralWindowController.h */,
				EC34DFD918B2F4EB00AB13BE /* NeuralWindowController.m */,
				ECB60B1418B30AA5000C534B /* NeuralParametersController.h */,
				ECB60B1518B30AA5000C534B /* NeuralParametersController.m */,
			);
			name = Neural;
			sourceTree = "<group>";
		};
		ECBCFF1918399E7600360791 /* FANN */ = {
			isa = PBXGroup;
			children = (
				ECBCFF2918399F0C00360791 /* fann_io.h */,
				ECBCFF2A18399F0C00360791 /* fann_cascade.h */,
				ECBCFF2B18399F0C00360791 /* fann_train.h */,
				ECBCFF2C18399F0C00360791 /* fann_internal.h */,
				ECBCFF2D18399F0C00360791 /* fann_data.h */,
				ECBCFF2E18399F0C00360791 /* fann_activation.h */,
				ECBCFF2F18399F0C00360791 /* fann_error.h */,
				ECBCFF3018399F0C00360791 /* floatfann.h */,
				ECBCFF3118399F0C00360791 /* fann.h */,
				ECBCFF1A18399EF400360791 /* fann_cascade.c */,
				ECBCFF1B18399EF400360791 /* fann_error.c */,
				ECBCFF1C18399EF400360791 /* fann_train_data.c */,
				ECBCFF1D18399EF400360791 /* fann_train.c */,
				ECBCFF1E18399EF400360791 /* fann_io.c */,
				ECBCFF1F18399EF400360791 /* fann.c */,
				ECBCFF2018399EF400360791 /* config.h */,
				ECBCFF2118399EF400360791 /* floatfann.c */,
			);
			name = FANN;
			sourceTree = "<group>";
		};
		ECBCFF74184026FD00360791 /* NewDatabase */ = {
			isa = PBXGroup;
			children = (
				ECBCFF6D184020ED00360791 /* NewDatabaseWindowController.h */,
				ECBCFF6E184020EE00360791 /* NewDatabaseWindowController.m */,
				ECBCFF721840220500360791 /* NewDatabase.xib */,
				ECBCFF7918402CAA00360791 /* NewDatabaseControls.h */,
				ECBCFF7A18402CAA00360791 /* NewDatabaseControls.m */,
			);
			name = NewDatabase;
			sourceTree = "<group>";
		};
		ECBCFF751840271B00360791 /* Validate */ = {
			isa = PBXGroup;
			children = (
				ECBCFF40183D033000360791 /* RunValidateController.h */,
				ECBCFF41183D033000360791 /* RunValidateController.m */,
				ECBCFF38183C3E7D00360791 /* ValidateWindowController.h */,
				ECBCFF39183C3E7D00360791 /* ValidateWindowController.m */,
				ECBCFF3E183C424700360791 /* Validate.xib */,
				EC8A5275184EB31E00AAD11A /* verticalLabelView.h */,
				EC8A5276184EB31E00AAD11A /* verticalLabelView.m */,
				EC8A5272184E675200AAD11A /* ConfusionView.h */,
				EC8A5273184E675200AAD11A /* ConfusionView.m */,
				ECBCFF43183D07ED00360791 /* ValidateTable.h */,
				ECBCFF44183D07ED00360791 /* ValidateTable.m */,
			);
			name = Validate;
			sourceTree = "<group>";
		};
		ECF2B41517FCDA4E0059A6FC = {
			isa = PBXGroup;
			children = (
				ECF2B42717FCDA4E0059A6FC /* Classifier */,
				ECF2B44517FCDA4E0059A6FC /* ClassifierTests */,
				ECF2B42017FCDA4E0059A6FC /* Frameworks */,
				ECF2B41F17FCDA4E0059A6FC /* Products */,
			);
			sourceTree = "<group>";
		};
		ECF2B41F17FCDA4E0059A6FC /* Products */ = {
			isa = PBXGroup;
			children = (
				ECF2B41E17FCDA4E0059A6FC /* Classifier.app */,
				ECF2B43F17FCDA4E0059A6FC /* ClassifierTests.xctest */,
			);
			name = Products;
			sourceTree = "<group>";
		};
		ECF2B42017FCDA4E0059A6FC /* Frameworks */ = {
			isa = PBXGroup;
			children = (
				EC9DF5AB18034F3600A2862A /* OpenGL.framework */,
				EC9DF5A918034F2100A2862A /* GLUT.framework */,
				ECF2B42117FCDA4E0059A6FC /* Cocoa.framework */,
				ECF2B44017FCDA4E0059A6FC /* XCTest.framework */,
				ECF2B42317FCDA4E0059A6FC /* Other Frameworks */,
			);
			name = Frameworks;
			sourceTree = "<group>";
		};
		ECF2B42317FCDA4E0059A6FC /* Other Frameworks */ = {
			isa = PBXGroup;
			children = (
				ECF2B42417FCDA4E0059A6FC /* AppKit.framework */,
				ECF2B42517FCDA4E0059A6FC /* CoreData.framework */,
				ECF2B42617FCDA4E0059A6FC /* Foundation.framework */,
			);
			name = "Other Frameworks";
			sourceTree = "<group>";
		};
		ECF2B42717FCDA4E0059A6FC /* Classifier */ = {
			isa = PBXGroup;
			children = (
				EC8928A11884CF28005CCBF2 /* leafIcon.icns */,
				EC29B749181F39D9001C9437 /* pics */,
				ECF2B43617FCDA4E0059A6FC /* MainMenu.xib */,
				ECF2B43317FCDA4E0059A6FC /* AppDelegate.h */,
				ECF2B43417FCDA4E0059A6FC /* AppDelegate.m */,
				EC2F146A1802321B004B76FF /* Model.h */,
				EC2F146B1802321B004B76FF /* Model.m */,
				ECBCFF49183EB33400360791 /* GreenLight.h */,
				ECBCFF4A183EB33400360791 /* GreenLight.m */,
				ECBCFF50183EB73800360791 /* NearestGreenLight.h */,
				ECBCFF51183EB73800360791 /* NearestGreenLight.m */,
				ECBCFF53183EB75200360791 /* NeuralGreenLight.h */,
				ECBCFF54183EB75200360791 /* NeuralGreenLight.m */,
				ECBCFF5F183EBF8200360791 /* ModelImageView.h */,
				ECBCFF60183EBF8200360791 /* ModelImageView.m */,
				EC799733182B1D44002E96CA /* SaveController.h */,
				EC799734182B1D44002E96CA /* SaveController.m */,
				EC79972A182AE6B1002E96CA /* ErrorTableController.h */,
				EC79972B182AE6B1002E96CA /* ErrorTableController.m */,
				EC18B29118A0833500617FFF /* DimensionController.h */,
				EC18B29218A0833500617FFF /* DimensionController.m */,
				EC8A529718594D9800AAD11A /* BestClassLabelController.h */,
				EC8A529818594D9800AAD11A /* BestClassLabelController.m */,
				EC8A527B18567D2F00AAD11A /* ClusterButtonController.h */,
				EC8A527C18567D2F00AAD11A /* ClusterButtonController.m */,
				EC18B28D1895D6E400617FFF /* train.csv */,
				EC8A528118567F7500AAD11A /* ClusterView.h */,
				EC8A528218567F7500AAD11A /* ClusterView.m */,
				ECBCFF67183FE00200360791 /* ErrorTable.h */,
				ECBCFF68183FE00200360791 /* ErrorTable.m */,
				ECBCFF6A184020D700360791 /* NewDatabase.h */,
				ECBCFF6B184020D700360791 /* NewDatabase.m */,
				EC2FBF6018B04A6200C8211C /* ResizePic.h */,
				EC2FBF6118B04A6200C8211C /* ResizePic.m */,
				ECBCFF74184026FD00360791 /* NewDatabase */,
				EC799730182AF7C2002E96CA /* ModeRadioController.h */,
				EC799731182AF7C2002E96CA /* ModeRadioController.m */,
				ECBCFF35183AE89800360791 /* TrainingModelRadioController.h */,
				ECBCFF36183AE89800360791 /* TrainingModelRadioController.m */,
				ECBCFF46183D6F9900360791 /* InvariantController.h */,
				ECBCFF47183D6F9900360791 /* InvariantController.m */,
				ECBCFF7F184233BB00360791 /* DatabaseLabelController.h */,
				ECBCFF80184233BB00360791 /* DatabaseLabelController.m */,
				EC29B75618207975001C9437 /* Clear.h */,
				EC29B75718207975001C9437 /* Clear.m */,
				EC29B75018205456001C9437 /* UploadPhoto.h */,
				EC29B75118205456001C9437 /* UploadPhoto.m */,
				EC29B74A181F3AB3001C9437 /* DrawView.h */,
				EC29B74B181F3AB3001C9437 /* DrawView.m */,
				ECF2B45517FCE0660059A6FC /* MainView.h */,
				ECF2B45617FCE0660059A6FC /* MainView.m */,
				EC9DF5BD1807332800A2862A /* FitView.h */,
				EC9DF5BE1807332800A2862A /* FitView.m */,
				EC29B74D181FF78C001C9437 /* Cmath.h */,
				EC29B74E181FF79F001C9437 /* Cmath.c */,
				ECBCFF751840271B00360791 /* Validate */,
				ECBCFF3B183C401300360791 /* LaunchValidateWindowController.h */,
				ECBCFF3C183C401300360791 /* LaunchValidateWindowController.m */,
				EC34DFD218B2F2C900AB13BE /* LaunchNeuralWindowController.h */,
				EC34DFD318B2F2C900AB13BE /* LaunchNeuralWindowController.m */,
				EC34DFD518B2F32700AB13BE /* Neural */,
				EC2F147018023327004B76FF /* StartController.h */,
				EC2F147118023327004B76FF /* StartController.m */,
				ECBCFF321839A07B00360791 /* BuildNetController.h */,
				ECBCFF331839A07B00360791 /* BuildNetController.m */,
				EC9DF5C41807376C00A2862A /* Polynomials.h */,
				EC9DF5C21807375900A2862A /* Polynomials.c */,
				ECBCFF1918399E7600360791 /* FANN */,
				ECF2B43917FCDA4E0059A6FC /* Images.xcassets */,
				ECF2B42817FCDA4E0059A6FC /* Supporting Files */,
			);
			path = Classifier;
			sourceTree = "<group>";
		};
		ECF2B42817FCDA4E0059A6FC /* Supporting Files */ = {
			isa = PBXGroup;
			children = (
				ECF2B42917FCDA4E0059A6FC /* Classifier-Info.plist */,
				ECF2B42A17FCDA4E0059A6FC /* InfoPlist.strings */,
				ECF2B42D17FCDA4E0059A6FC /* main.m */,
				ECF2B42F17FCDA4E0059A6FC /* Classifier-Prefix.pch */,
				ECF2B43017FCDA4E0059A6FC /* Credits.rtf */,
			);
			name = "Supporting Files";
			sourceTree = "<group>";
		};
		ECF2B44517FCDA4E0059A6FC /* ClassifierTests */ = {
			isa = PBXGroup;
			children = (
				ECF2B44B17FCDA4E0059A6FC /* ClassifierTests.m */,
				ECF2B44617FCDA4E0059A6FC /* Supporting Files */,
			);
			path = ClassifierTests;
			sourceTree = "<group>";
		};
		ECF2B44617FCDA4E0059A6FC /* Supporting Files */ = {
			isa = PBXGroup;
			children = (
				ECF2B44717FCDA4E0059A6FC /* ClassifierTests-Info.plist */,
				ECF2B44817FCDA4E0059A6FC /* InfoPlist.strings */,
			);
			name = "Supporting Files";
			sourceTree = "<group>";
		};
/* End PBXGroup section */

/* Begin PBXNativeTarget section */
		ECF2B41D17FCDA4E0059A6FC /* Classifier */ = {
			isa = PBXNativeTarget;
			buildConfigurationList = ECF2B44F17FCDA4E0059A6FC /* Build configuration list for PBXNativeTarget "Classifier" */;
			buildPhases = (
				ECF2B41A17FCDA4E0059A6FC /* Sources */,
				ECF2B41B17FCDA4E0059A6FC /* Frameworks */,
				ECF2B41C17FCDA4E0059A6FC /* Resources */,
				EC18B28F1895EBDB00617FFF /* CopyFiles */,
			);
			buildRules = (
			);
			dependencies = (
			);
			name = Classifier;
			productName = Classifier;
			productReference = ECF2B41E17FCDA4E0059A6FC /* Classifier.app */;
			productType = "com.apple.product-type.application";
		};
		ECF2B43E17FCDA4E0059A6FC /* ClassifierTests */ = {
			isa = PBXNativeTarget;
			buildConfigurationList = ECF2B45217FCDA4E0059A6FC /* Build configuration list for PBXNativeTarget "ClassifierTests" */;
			buildPhases = (
				ECF2B43B17FCDA4E0059A6FC /* Sources */,
				ECF2B43C17FCDA4E0059A6FC /* Frameworks */,
				ECF2B43D17FCDA4E0059A6FC /* Resources */,
			);
			buildRules = (
			);
			dependencies = (
				ECF2B44417FCDA4E0059A6FC /* PBXTargetDependency */,
			);
			name = ClassifierTests;
			productName = ClassifierTests;
			productReference = ECF2B43F17FCDA4E0059A6FC /* ClassifierTests.xctest */;
			productType = "com.apple.product-type.bundle.unit-test";
		};
/* End PBXNativeTarget section */

/* Begin PBXProject section */
		ECF2B41617FCDA4E0059A6FC /* Project object */ = {
			isa = PBXProject;
			attributes = {
				LastUpgradeCheck = 0500;
				ORGANIZATIONNAME = "Christian Burnham";
				TargetAttributes = {
					ECF2B43E17FCDA4E0059A6FC = {
						TestTargetID = ECF2B41D17FCDA4E0059A6FC;
					};
				};
			};
			buildConfigurationList = ECF2B41917FCDA4E0059A6FC /* Build configuration list for PBXProject "Classifier" */;
			compatibilityVersion = "Xcode 3.2";
			developmentRegion = English;
			hasScannedForEncodings = 0;
			knownRegions = (
				en,
				Base,
			);
			mainGroup = ECF2B41517FCDA4E0059A6FC;
			productRefGroup = ECF2B41F17FCDA4E0059A6FC /* Products */;
			projectDirPath = "";
			projectRoot = "";
			targets = (
				ECF2B41D17FCDA4E0059A6FC /* Classifier */,
				ECF2B43E17FCDA4E0059A6FC /* ClassifierTests */,
			);
		};
/* End PBXProject section */

/* Begin PBXResourcesBuildPhase section */
		ECF2B41C17FCDA4E0059A6FC /* Resources */ = {
			isa = PBXResourcesBuildPhase;
			buildActionMask = 2147483647;
			files = (
				EC18B28E1895D6E400617FFF /* train.csv in Resources */,
				ECBCFF3F183C424700360791 /* Validate.xib in Resources */,
				ECBCFF5C183EBE2100360791 /* textured_paper.png in Resources */,
				ECBCFF731840220500360791 /* NewDatabase.xib in Resources */,
				EC34DFD718B2F4AB00AB13BE /* Neural.xib in Resources */,
				ECBCFF66183EF32400360791 /* nearest.png in Resources */,
				ECBCFF5E183EBF4500360791 /* neuron.png in Resources */,
				ECF2B42C17FCDA4E0059A6FC /* InfoPlist.strings in Resources */,
				EC8928A21884CF28005CCBF2 /* leafIcon.icns in Resources */,
				ECF2B43A17FCDA4E0059A6FC /* Images.xcassets in Resources */,
				ECBCFF4F183EB6A900360791 /* status-away.tiff in Resources */,
				ECF2B43217FCDA4E0059A6FC /* Credits.rtf in Resources */,
				ECBCFF4D183EB51300360791 /* status-available.tiff in Resources */,
				ECF2B43817FCDA4E0059A6FC /* MainMenu.xib in Resources */,
			);
			runOnlyForDeploymentPostprocessing = 0;
		};
		ECF2B43D17FCDA4E0059A6FC /* Resources */ = {
			isa = PBXResourcesBuildPhase;
			buildActionMask = 2147483647;
			files = (
				ECF2B44A17FCDA4E0059A6FC /* InfoPlist.strings in Resources */,
			);
			runOnlyForDeploymentPostprocessing = 0;
		};
/* End PBXResourcesBuildPhase section */

/* Begin PBXSourcesBuildPhase section */
		ECF2B41A17FCDA4E0059A6FC /* Sources */ = {
			isa = PBXSourcesBuildPhase;
			buildActionMask = 2147483647;
			files = (
				EC29B75218205456001C9437 /* UploadPhoto.m in Sources */,
				EC8A529918594D9800AAD11A /* BestClassLabelController.m in Sources */,
				ECBCFF55183EB75200360791 /* NeuralGreenLight.m in Sources */,
				EC79972C182AE6B1002E96CA /* ErrorTableController.m in Sources */,
				EC799732182AF7C2002E96CA /* ModeRadioController.m in Sources */,
				ECBCFF61183EBF8200360791 /* ModelImageView.m in Sources */,
				EC18B29318A0833500617FFF /* DimensionController.m in Sources */,
				EC8A528318567F7500AAD11A /* ClusterView.m in Sources */,
				ECF2B43517FCDA4E0059A6FC /* AppDelegate.m in Sources */,
				ECBCFF3D183C401300360791 /* LaunchValidateWindowController.m in Sources */,
				ECBCFF6C184020D700360791 /* NewDatabase.m in Sources */,
				EC8A527D18567D2F00AAD11A /* ClusterButtonController.m in Sources */,
				ECB60B1618B30AA5000C534B /* NeuralParametersController.m in Sources */,
				EC8A5274184E675200AAD11A /* ConfusionView.m in Sources */,
				EC9DF5BF1807332800A2862A /* FitView.m in Sources */,
				EC34DFDA18B2F4EB00AB13BE /* NeuralWindowController.m in Sources */,
				EC34DFD418B2F2C900AB13BE /* LaunchNeuralWindowController.m in Sources */,
				ECBCFF69183FE00200360791 /* ErrorTable.m in Sources */,
				ECBCFF52183EB73800360791 /* NearestGreenLight.m in Sources */,
				ECF2B42E17FCDA4E0059A6FC /* main.m in Sources */,
				EC2FBF6218B04A6200C8211C /* ResizePic.m in Sources */,
				ECBCFF81184233BB00360791 /* DatabaseLabelController.m in Sources */,
				EC2F147218023327004B76FF /* StartController.m in Sources */,
				ECBCFF37183AE89800360791 /* TrainingModelRadioController.m in Sources */,
				ECBCFF341839A07B00360791 /* BuildNetController.m in Sources */,
				EC9DF5C31807375900A2862A /* Polynomials.c in Sources */,
				ECF2B45717FCE0660059A6FC /* MainView.m in Sources */,
				ECBCFF7B18402CAA00360791 /* NewDatabaseControls.m in Sources */,
				EC29B74F181FF79F001C9437 /* Cmath.c in Sources */,
				EC2F146C1802321B004B76FF /* Model.m in Sources */,
				ECBCFF48183D6F9900360791 /* InvariantController.m in Sources */,
				ECBCFF4B183EB33400360791 /* GreenLight.m in Sources */,
				ECBCFF42183D033000360791 /* RunValidateController.m in Sources */,
				EC29B75818207975001C9437 /* Clear.m in Sources */,
				ECBCFF2818399EF400360791 /* floatfann.c in Sources */,
				EC799735182B1D44002E96CA /* SaveController.m in Sources */,
				ECBCFF6F184020EE00360791 /* NewDatabaseWindowController.m in Sources */,
				EC29B74C181F3AB3001C9437 /* DrawView.m in Sources */,
				ECBCFF45183D07ED00360791 /* ValidateTable.m in Sources */,
				ECBCFF3A183C3E7D00360791 /* ValidateWindowController.m in Sources */,
				EC8A5277184EB31E00AAD11A /* verticalLabelView.m in Sources */,
			);
			runOnlyForDeploymentPostprocessing = 0;
		};
		ECF2B43B17FCDA4E0059A6FC /* Sources */ = {
			isa = PBXSourcesBuildPhase;
			buildActionMask = 2147483647;
			files = (
				ECF2B44C17FCDA4E0059A6FC /* ClassifierTests.m in Sources */,
			);
			runOnlyForDeploymentPostprocessing = 0;
		};
/* End PBXSourcesBuildPhase section */

/* Begin PBXTargetDependency section */
		ECF2B44417FCDA4E0059A6FC /* PBXTargetDependency */ = {
			isa = PBXTargetDependency;
			target = ECF2B41D17FCDA4E0059A6FC /* Classifier */;
			targetProxy = ECF2B44317FCDA4E0059A6FC /* PBXContainerItemProxy */;
		};
/* End PBXTargetDependency section */

/* Begin PBXVariantGroup section */
		ECF2B42A17FCDA4E0059A6FC /* InfoPlist.strings */ = {
			isa = PBXVariantGroup;
			children = (
				ECF2B42B17FCDA4E0059A6FC /* en */,
			);
			name = InfoPlist.strings;
			sourceTree = "<group>";
		};
		ECF2B43017FCDA4E0059A6FC /* Credits.rtf */ = {
			isa = PBXVariantGroup;
			children = (
				ECF2B43117FCDA4E0059A6FC /* en */,
			);
			name = Credits.rtf;
			sourceTree = "<group>";
		};
		ECF2B43617FCDA4E0059A6FC /* MainMenu.xib */ = {
			isa = PBXVariantGroup;
			children = (
				ECF2B43717FCDA4E0059A6FC /* Base */,
			);
			name = MainMenu.xib;
			sourceTree = "<group>";
		};
		ECF2B44817FCDA4E0059A6FC /* InfoPlist.strings */ = {
			isa = PBXVariantGroup;
			children = (
				ECF2B44917FCDA4E0059A6FC /* en */,
			);
			name = InfoPlist.strings;
			sourceTree = "<group>";
		};
/* End PBXVariantGroup section */

/* Begin XCBuildConfiguration section */
		ECF2B44D17FCDA4E0059A6FC /* Debug */ = {
			isa = XCBuildConfiguration;
			buildSettings = {
				ALWAYS_SEARCH_USER_PATHS = NO;
				CLANG_CXX_LANGUAGE_STANDARD = "gnu++0x";
				CLANG_CXX_LIBRARY = "libc++";
				CLANG_ENABLE_MODULES = YES;
				CLANG_ENABLE_OBJC_ARC = YES;
				CLANG_WARN_BOOL_CONVERSION = YES;
				CLANG_WARN_CONSTANT_CONVERSION = YES;
				CLANG_WARN_DIRECT_OBJC_ISA_USAGE = YES_ERROR;
				CLANG_WARN_EMPTY_BODY = YES;
				CLANG_WARN_ENUM_CONVERSION = YES;
				CLANG_WARN_INT_CONVERSION = YES;
				CLANG_WARN_OBJC_ROOT_CLASS = YES_ERROR;
				CLANG_WARN__DUPLICATE_METHOD_MATCH = YES;
				COPY_PHASE_STRIP = NO;
				GCC_C_LANGUAGE_STANDARD = gnu99;
				GCC_DYNAMIC_NO_PIC = NO;
				GCC_ENABLE_OBJC_EXCEPTIONS = YES;
				GCC_OPTIMIZATION_LEVEL = 0;
				GCC_PREPROCESSOR_DEFINITIONS = (
					"DEBUG=1",
					"$(inherited)",
				);
				GCC_SYMBOLS_PRIVATE_EXTERN = NO;
				GCC_WARN_64_TO_32_BIT_CONVERSION = YES;
				GCC_WARN_ABOUT_RETURN_TYPE = YES_ERROR;
				GCC_WARN_UNDECLARED_SELECTOR = YES;
				GCC_WARN_UNINITIALIZED_AUTOS = YES;
				GCC_WARN_UNUSED_FUNCTION = YES;
				GCC_WARN_UNUSED_VARIABLE = YES;
				MACOSX_DEPLOYMENT_TARGET = 10.9;
				ONLY_ACTIVE_ARCH = YES;
				SDKROOT = macosx;
			};
			name = Debug;
		};
		ECF2B44E17FCDA4E0059A6FC /* Release */ = {
			isa = XCBuildConfiguration;
			buildSettings = {
				ALWAYS_SEARCH_USER_PATHS = NO;
				CLANG_CXX_LANGUAGE_STANDARD = "gnu++0x";
				CLANG_CXX_LIBRARY = "libc++";
				CLANG_ENABLE_MODULES = YES;
				CLANG_ENABLE_OBJC_ARC = YES;
				CLANG_WARN_BOOL_CONVERSION = YES;
				CLANG_WARN_CONSTANT_CONVERSION = YES;
				CLANG_WARN_DIRECT_OBJC_ISA_USAGE = YES_ERROR;
				CLANG_WARN_EMPTY_BODY = YES;
				CLANG_WARN_ENUM_CONVERSION = YES;
				CLANG_WARN_INT_CONVERSION = YES;
				CLANG_WARN_OBJC_ROOT_CLASS = YES_ERROR;
				CLANG_WARN__DUPLICATE_METHOD_MATCH = YES;
				COPY_PHASE_STRIP = YES;
				DEBUG_INFORMATION_FORMAT = "dwarf-with-dsym";
				ENABLE_NS_ASSERTIONS = NO;
				GCC_C_LANGUAGE_STANDARD = gnu99;
				GCC_ENABLE_OBJC_EXCEPTIONS = YES;
				GCC_WARN_64_TO_32_BIT_CONVERSION = YES;
				GCC_WARN_ABOUT_RETURN_TYPE = YES_ERROR;
				GCC_WARN_UNDECLARED_SELECTOR = YES;
				GCC_WARN_UNINITIALIZED_AUTOS = YES;
				GCC_WARN_UNUSED_FUNCTION = YES;
				GCC_WARN_UNUSED_VARIABLE = YES;
				MACOSX_DEPLOYMENT_TARGET = 10.9;
				SDKROOT = macosx;
			};
			name = Release;
		};
		ECF2B45017FCDA4E0059A6FC /* Debug */ = {
			isa = XCBuildConfiguration;
			buildSettings = {
				ASSETCATALOG_COMPILER_APPICON_NAME = AppIcon;
				COMBINE_HIDPI_IMAGES = YES;
				GCC_OPTIMIZATION_LEVEL = s;
				GCC_PRECOMPILE_PREFIX_HEADER = YES;
				GCC_PREFIX_HEADER = "Classifier/Classifier-Prefix.pch";
				INFOPLIST_FILE = "Classifier/Classifier-Info.plist";
				MACOSX_DEPLOYMENT_TARGET = 10.6;
				PRODUCT_NAME = "$(TARGET_NAME)";
				WRAPPER_EXTENSION = app;
			};
			name = Debug;
		};
		ECF2B45117FCDA4E0059A6FC /* Release */ = {
			isa = XCBuildConfiguration;
			buildSettings = {
				ASSETCATALOG_COMPILER_APPICON_NAME = AppIcon;
				COMBINE_HIDPI_IMAGES = YES;
				GCC_PRECOMPILE_PREFIX_HEADER = YES;
				GCC_PREFIX_HEADER = "Classifier/Classifier-Prefix.pch";
				INFOPLIST_FILE = "Classifier/Classifier-Info.plist";
				MACOSX_DEPLOYMENT_TARGET = 10.6;
				PRODUCT_NAME = "$(TARGET_NAME)";
				WRAPPER_EXTENSION = app;
			};
			name = Release;
		};
		ECF2B45317FCDA4E0059A6FC /* Debug */ = {
			isa = XCBuildConfiguration;
			buildSettings = {
				BUNDLE_LOADER = "$(BUILT_PRODUCTS_DIR)/Classifier.app/Contents/MacOS/Classifier";
				COMBINE_HIDPI_IMAGES = YES;
				FRAMEWORK_SEARCH_PATHS = (
					"$(DEVELOPER_FRAMEWORKS_DIR)",
					"$(inherited)",
				);
				GCC_PRECOMPILE_PREFIX_HEADER = YES;
				GCC_PREFIX_HEADER = "Classifier/Classifier-Prefix.pch";
				GCC_PREPROCESSOR_DEFINITIONS = (
					"DEBUG=1",
					"$(inherited)",
				);
				INFOPLIST_FILE = "ClassifierTests/ClassifierTests-Info.plist";
				PRODUCT_NAME = "$(TARGET_NAME)";
				TEST_HOST = "$(BUNDLE_LOADER)";
				WRAPPER_EXTENSION = xctest;
			};
			name = Debug;
		};
		ECF2B45417FCDA4E0059A6FC /* Release */ = {
			isa = XCBuildConfiguration;
			buildSettings = {
				BUNDLE_LOADER = "$(BUILT_PRODUCTS_DIR)/Classifier.app/Contents/MacOS/Classifier";
				COMBINE_HIDPI_IMAGES = YES;
				FRAMEWORK_SEARCH_PATHS = (
					"$(DEVELOPER_FRAMEWORKS_DIR)",
					"$(inherited)",
				);
				GCC_PRECOMPILE_PREFIX_HEADER = YES;
				GCC_PREFIX_HEADER = "Classifier/Classifier-Prefix.pch";
				INFOPLIST_FILE = "ClassifierTests/ClassifierTests-Info.plist";
				PRODUCT_NAME = "$(TARGET_NAME)";
				TEST_HOST = "$(BUNDLE_LOADER)";
				WRAPPER_EXTENSION = xctest;
			};
			name = Release;
		};
/* End XCBuildConfiguration section */

/* Begin XCConfigurationList section */
		ECF2B41917FCDA4E0059A6FC /* Build configuration list for PBXProject "Classifier" */ = {
			isa = XCConfigurationList;
			buildConfigurations = (
				ECF2B44D17FCDA4E0059A6FC /* Debug */,
				ECF2B44E17FCDA4E0059A6FC /* Release */,
			);
			defaultConfigurationIsVisible = 0;
			defaultConfigurationName = Release;
		};
		ECF2B44F17FCDA4E0059A6FC /* Build configuration list for PBXNativeTarget "Classifier" */ = {
			isa = XCConfigurationList;
			buildConfigurations = (
				ECF2B45017FCDA4E0059A6FC /* Debug */,
				ECF2B45117FCDA4E0059A6FC /* Release */,
			);
			defaultConfigurationIsVisible = 0;
			defaultConfigurationName = Release;
		};
		ECF2B45217FCDA4E0059A6FC /* Build configuration list for PBXNativeTarget "ClassifierTests" */ = {
			isa = XCConfigurationList;
			buildConfigurations = (
				ECF2B45317FCDA4E0059A6FC /* Debug */,
				ECF2B45417FCDA4E0059A6FC /* Release */,
			);
			defaultConfigurationIsVisible = 0;
			defaultConfigurationName = Release;
		};
/* End XCConfigurationList section */
	};
	rootObject = ECF2B41617FCDA4E0059A6FC /* Project object */;
}
